
Microsoft Visual Studio Solution File, Format Version 12.00
# Visual Studio Version 16
VisualStudioVersion = 16.0.29424.173
MinimumVisualStudioVersion = 10.0.40219.1
Project("{FAE04EC0-301F-11D3-BF4B-00C04F79EFBC}") = "ShopElazone", "ShopElazone\ShopElazone.csproj", "{B26A4A7E-3D9B-4E70-904E-1D3E420A36AB}"
EndProject
Global
	GlobalSection(SolutionConfigurationPlatforms) = preSolution
		Debug|Any CPU = Debug|Any CPU
		Release|Any CPU = Release|Any CPU
	EndGlobalSection
	GlobalSection(ProjectConfigurationPlatforms) = postSolution
		{B26A4A7E-3D9B-4E70-904E-1D3E420A36AB}.Debug|Any CPU.ActiveCfg = Debug|Any CPU
		{B26A4A7E-3D9B-4E70-904E-1D3E420A36AB}.Debug|Any CPU.Build.0 = Debug|Any CPU
		{B26A4A7E-3D9B-4E70-904E-1D3E420A36AB}.Release|Any CPU.ActiveCfg = Release|Any CPU
		{B26A4A7E-3D9B-4E70-904E-1D3E420A36AB}.Release|Any CPU.Build.0 = Release|Any CPU
	EndGlobalSection
	GlobalSection(SolutionProperties) = preSolution
		HideSolutionNode = FALSE
	EndGlobalSection
	GlobalSection(ExtensibilityGlobals) = postSolution
		SolutionGuid = {664CED51-AE5D-4CB6-86C1-36384FBB8FCA}
	EndGlobalSection
EndGlobal
